
Microsoft Visual Studio Solution File, Format Version 12.00
# Visual Studio Version 17
VisualStudioVersion = 17.0.31919.166
MinimumVisualStudioVersion = 10.0.40219.1
Project("{9A19103F-16F7-4668-BE54-9A1E7A4F7556}") = "SubWatch.API", "SubWatch.API\SubWatch.API.csproj", "{FAF869F1-49E5-47C5-9031-78CDA7A502DA}"
EndProject
Project("{9A19103F-16F7-4668-BE54-9A1E7A4F7556}") = "SubWatch.Common", "SubWatch.Common\SubWatch.Common.csproj", "{E0D8DBC4-A17D-4D0F-BF63-A0ADD2ECFCCB}"
EndProject
Project("{9A19103F-16F7-4668-BE54-9A1E7A4F7556}") = "SubWatch.Repository", "SubWatch.Repository\SubWatch.Repository.csproj", "{93C9AAC3-B5C6-4B63-860A-1364E175E294}"
EndProject
Project("{9A19103F-16F7-4668-BE54-9A1E7A4F7556}") = "SubWatch.Services", "SubWatch.Services\SubWatch.Services.csproj", "{FBFEAAC9-FCAB-4B40-A075-143D39BCFDDE}"
EndProject
Project("{9A19103F-16F7-4668-BE54-9A1E7A4F7556}") = "SubWatch.Services.UnitTests", "SubWatch.Services.UnitTests\SubWatch.Services.UnitTests.csproj", "{DCF2613C-808D-44B9-8882-827F6A5D677E}"
EndProject
Project("{2150E333-8FDC-42A3-9474-1A3956D46DE8}") = "SubWatch.Deployment", "SubWatch.Deployment", "{C4436661-2FE7-4A23-A00D-C7B2974034E0}"
EndProject
Project("{FAE04EC0-301F-11D3-BF4B-00C04F79EFBC}") = "SubWatch.UI", "SubWatch.UI\SubWatch.UI.csproj", "{F3076347-FE53-4B1C-9DA7-77DF666C2396}"
EndProject
Global
	GlobalSection(SolutionConfigurationPlatforms) = preSolution
		Debug|Any CPU = Debug|Any CPU
		Release|Any CPU = Release|Any CPU
	EndGlobalSection
	GlobalSection(ProjectConfigurationPlatforms) = postSolution
		{FAF869F1-49E5-47C5-9031-78CDA7A502DA}.Debug|Any CPU.ActiveCfg = Debug|Any CPU
		{FAF869F1-49E5-47C5-9031-78CDA7A502DA}.Debug|Any CPU.Build.0 = Debug|Any CPU
		{FAF869F1-49E5-47C5-9031-78CDA7A502DA}.Release|Any CPU.ActiveCfg = Release|Any CPU
		{FAF869F1-49E5-47C5-9031-78CDA7A502DA}.Release|Any CPU.Build.0 = Release|Any CPU
		{E0D8DBC4-A17D-4D0F-BF63-A0ADD2ECFCCB}.Debug|Any CPU.ActiveCfg = Debug|Any CPU
		{E0D8DBC4-A17D-4D0F-BF63-A0ADD2ECFCCB}.Debug|Any CPU.Build.0 = Debug|Any CPU
		{E0D8DBC4-A17D-4D0F-BF63-A0ADD2ECFCCB}.Release|Any CPU.ActiveCfg = Release|Any CPU
		{E0D8DBC4-A17D-4D0F-BF63-A0ADD2ECFCCB}.Release|Any CPU.Build.0 = Release|Any CPU
		{93C9AAC3-B5C6-4B63-860A-1364E175E294}.Debug|Any CPU.ActiveCfg = Debug|Any CPU
		{93C9AAC3-B5C6-4B63-860A-1364E175E294}.Debug|Any CPU.Build.0 = Debug|Any CPU
		{93C9AAC3-B5C6-4B63-860A-1364E175E294}.Release|Any CPU.ActiveCfg = Release|Any CPU
		{93C9AAC3-B5C6-4B63-860A-1364E175E294}.Release|Any CPU.Build.0 = Release|Any CPU
		{FBFEAAC9-FCAB-4B40-A075-143D39BCFDDE}.Debug|Any CPU.ActiveCfg = Debug|Any CPU
		{FBFEAAC9-FCAB-4B40-A075-143D39BCFDDE}.Debug|Any CPU.Build.0 = Debug|Any CPU
		{FBFEAAC9-FCAB-4B40-A075-143D39BCFDDE}.Release|Any CPU.ActiveCfg = Release|Any CPU
		{FBFEAAC9-FCAB-4B40-A075-143D39BCFDDE}.Release|Any CPU.Build.0 = Release|Any CPU
		{DCF2613C-808D-44B9-8882-827F6A5D677E}.Debug|Any CPU.ActiveCfg = Debug|Any CPU
		{DCF2613C-808D-44B9-8882-827F6A5D677E}.Debug|Any CPU.Build.0 = Debug|Any CPU
		{DCF2613C-808D-44B9-8882-827F6A5D677E}.Release|Any CPU.ActiveCfg = Release|Any CPU
		{DCF2613C-808D-44B9-8882-827F6A5D677E}.Release|Any CPU.Build.0 = Release|Any CPU
		{F3076347-FE53-4B1C-9DA7-77DF666C2396}.Debug|Any CPU.ActiveCfg = Debug|Any CPU
		{F3076347-FE53-4B1C-9DA7-77DF666C2396}.Debug|Any CPU.Build.0 = Debug|Any CPU
		{F3076347-FE53-4B1C-9DA7-77DF666C2396}.Release|Any CPU.ActiveCfg = Release|Any CPU
		{F3076347-FE53-4B1C-9DA7-77DF666C2396}.Release|Any CPU.Build.0 = Release|Any CPU
	EndGlobalSection
	GlobalSection(SolutionProperties) = preSolution
		HideSolutionNode = FALSE
	EndGlobalSection
	GlobalSection(ExtensibilityGlobals) = postSolution
		SolutionGuid = {A8091B3B-4716-4E10-A655-BF3969EF8707}
	EndGlobalSection
EndGlobal
